
Microsoft Visual Studio Solution File, Format Version 12.00
# Visual Studio Version 17
VisualStudioVersion = 17.7.34202.233
MinimumVisualStudioVersion = 10.0.40219.1
Project("{FAE04EC0-301F-11D3-BF4B-00C04F79EFBC}") = "homework6_Csh", "homework6_Csh\homework6_Csh.csproj", "{8DEEF022-908F-4A5E-B732-257339A1143E}"
EndProject
Global
	GlobalSection(SolutionConfigurationPlatforms) = preSolution
		Debug|Any CPU = Debug|Any CPU
		Release|Any CPU = Release|Any CPU
	EndGlobalSection
	GlobalSection(ProjectConfigurationPlatforms) = postSolution
		{8DEEF022-908F-4A5E-B732-257339A1143E}.Debug|Any CPU.ActiveCfg = Debug|Any CPU
		{8DEEF022-908F-4A5E-B732-257339A1143E}.Debug|Any CPU.Build.0 = Debug|Any CPU
		{8DEEF022-908F-4A5E-B732-257339A1143E}.Release|Any CPU.ActiveCfg = Release|Any CPU
		{8DEEF022-908F-4A5E-B732-257339A1143E}.Release|Any CPU.Build.0 = Release|Any CPU
	EndGlobalSection
	GlobalSection(SolutionProperties) = preSolution
		HideSolutionNode = FALSE
	EndGlobalSection
	GlobalSection(ExtensibilityGlobals) = postSolution
		SolutionGuid = {F2CCB146-0C86-4AA8-9C2F-8445F0F79234}
	EndGlobalSection
EndGlobal
